// !$*UTF8*$!
{
	archiveVersion = 1;
	classes = {
	};
	objectVersion = 50;
	objects = {

/* Begin PBXBuildFile section */
		DB76A5F924FDC01900BB9503 /* AppDelegate.swift in Sources */ = {isa = PBXBuildFile; fileRef = DB76A5F824FDC01900BB9503 /* AppDelegate.swift */; };
		DB76A5FB24FDC01900BB9503 /* SceneDelegate.swift in Sources */ = {isa = PBXBuildFile; fileRef = DB76A5FA24FDC01900BB9503 /* SceneDelegate.swift */; };
		DB76A5FD24FDC01900BB9503 /* ViewController.swift in Sources */ = {isa = PBXBuildFile; fileRef = DB76A5FC24FDC01900BB9503 /* ViewController.swift */; };
		DB76A60024FDC01900BB9503 /* Main.storyboard in Resources */ = {isa = PBXBuildFile; fileRef = DB76A5FE24FDC01900BB9503 /* Main.storyboard */; };
		DB76A60224FDC01B00BB9503 /* Assets.xcassets in Resources */ = {isa = PBXBuildFile; fileRef = DB76A60124FDC01B00BB9503 /* Assets.xcassets */; };
		DB76A60524FDC01B00BB9503 /* LaunchScreen.storyboard in Resources */ = {isa = PBXBuildFile; fileRef = DB76A60324FDC01B00BB9503 /* LaunchScreen.storyboard */; };
/* End PBXBuildFile section */

/* Begin PBXFileReference section */
		DB76A5F524FDC01900BB9503 /* randomPasswordGenerator.app */ = {isa = PBXFileReference; explicitFileType = wrapper.application; includeInIndex = 0; path = randomPasswordGenerator.app; sourceTree = BUILT_PRODUCTS_DIR; };
		DB76A5F824FDC01900BB9503 /* AppDelegate.swift */ = {isa = PBXFileReference; lastKnownFileType = sourcecode.swift; path = AppDelegate.swift; sourceTree = "<group>"; };
		DB76A5FA24FDC01900BB9503 /* SceneDelegate.swift */ = {isa = PBXFileReference; lastKnownFileType = sourcecode.swift; path = SceneDelegate.swift; sourceTree = "<group>"; };
		DB76A5FC24FDC01900BB9503 /* ViewController.swift */ = {isa = PBXFileReference; lastKnownFileType = sourcecode.swift; path = ViewController.swift; sourceTree = "<group>"; };
		DB76A5FF24FDC01900BB9503 /* Base */ = {isa = PBXFileReference; lastKnownFileType = file.storyboard; name = Base; path = Base.lproj/Main.storyboard; sourceTree = "<group>"; };
		DB76A60124FDC01B00BB9503 /* Assets.xcassets */ = {isa = PBXFileReference; lastKnownFileType = folder.assetcatalog; path = Assets.xcassets; sourceTree = "<group>"; };
		DB76A60424FDC01B00BB9503 /* Base */ = {isa = PBXFileReference; lastKnownFileType = file.storyboard; name = Base; path = Base.lproj/LaunchScreen.storyboard; sourceTree = "<group>"; };
		DB76A60624FDC01B00BB9503 /* Info.plist */ = {isa = PBXFileReference; lastKnownFileType = text.plist.xml; path = Info.plist; sourceTree = "<group>"; };
/* End PBXFileReference section */

/* Begin PBXFrameworksBuildPhase section */
		DB76A5F224FDC01900BB9503 /* Frameworks */ = {
			isa = PBXFrameworksBuildPhase;
			buildActionMask = 2147483647;
			files = (
			);
			runOnlyForDeploymentPostprocessing = 0;
		};
/* End PBXFrameworksBuildPhase section */

/* Begin PBXGroup section */
		DB76A5EC24FDC01900BB9503 = {
			isa = PBXGroup;
			children = (
				DB76A5F724FDC01900BB9503 /* randomPasswordGenerator */,
				DB76A5F624FDC01900BB9503 /* Products */,
			);
			sourceTree = "<group>";
		};
		DB76A5F624FDC01900BB9503 /* Products */ = {
			isa = PBXGroup;
			children = (
				DB76A5F524FDC01900BB9503 /* randomPasswordGenerator.app */,
			);
			name = Products;
			sourceTree = "<group>";
		};
		DB76A5F724FDC01900BB9503 /* randomPasswordGenerator */ = {
			isa = PBXGroup;
			children = (
				DB76A5F824FDC01900BB9503 /* AppDelegate.swift */,
				DB76A5FA24FDC01900BB9503 /* SceneDelegate.swift */,
				DB76A5FC24FDC01900BB9503 /* ViewController.swift */,
				DB76A5FE24FDC01900BB9503 /* Main.storyboard */,
				DB76A60124FDC01B00BB9503 /* Assets.xcassets */,
				DB76A60324FDC01B00BB9503 /* LaunchScreen.storyboard */,
				DB76A60624FDC01B00BB9503 /* Info.plist */,
			);
			path = randomPasswordGenerator;
			sourceTree = "<group>";
		};
/* End PBXGroup section */

/* Begin PBXNativeTarget section */
		DB76A5F424FDC01900BB9503 /* randomPasswordGenerator */ = {
			isa = PBXNativeTarget;
			buildConfigurationList = DB76A60924FDC01B00BB9503 /* Build configuration list for PBXNativeTarget "randomPasswordGenerator" */;
			buildPhases = (
				DB76A5F124FDC01900BB9503 /* Sources */,
				DB76A5F224FDC01900BB9503 /* Frameworks */,
				DB76A5F324FDC01900BB9503 /* Resources */,
			);
			buildRules = (
			);
			dependencies = (
			);
			name = randomPasswordGenerator;
			productName = randomPasswordGenerator;
			productReference = DB76A5F524FDC01900BB9503 /* randomPasswordGenerator.app */;
			productType = "com.apple.product-type.application";
		};
/* End PBXNativeTarget section */

/* Begin PBXProject section */
		DB76A5ED24FDC01900BB9503 /* Project object */ = {
			isa = PBXProject;
			attributes = {
				LastSwiftUpdateCheck = 1160;
				LastUpgradeCheck = 1160;
				ORGANIZATIONNAME = trainingtrack.io;
				TargetAttributes = {
					DB76A5F424FDC01900BB9503 = {
						CreatedOnToolsVersion = 11.6;
					};
				};
			};
			buildConfigurationList = DB76A5F024FDC01900BB9503 /* Build configuration list for PBXProject "randomPasswordGenerator" */;
			compatibilityVersion = "Xcode 9.3";
			developmentRegion = en;
			hasScannedForEncodings = 0;
			knownRegions = (
				en,
				Base,
			);
			mainGroup = DB76A5EC24FDC01900BB9503;
			productRefGroup = DB76A5F624FDC01900BB9503 /* Products */;
			projectDirPath = "";
			projectRoot = "";
			targets = (
				DB76A5F424FDC01900BB9503 /* randomPasswordGenerator */,
			);
		};
/* End PBXProject section */

/* Begin PBXResourcesBuildPhase section */
		DB76A5F324FDC01900BB9503 /* Resources */ = {
			isa = PBXResourcesBuildPhase;
			buildActionMask = 2147483647;
			files = (
				DB76A60524FDC01B00BB9503 /* LaunchScreen.storyboard in Resources */,
				DB76A60224FDC01B00BB9503 /* Assets.xcassets in Resources */,
				DB76A60024FDC01900BB9503 /* Main.storyboard in Resources */,
			);
			runOnlyForDeploymentPostprocessing = 0;
		};
/* End PBXResourcesBuildPhase section */

/* Begin PBXSourcesBuildPhase section */
		DB76A5F124FDC01900BB9503 /* Sources */ = {
			isa = PBXSourcesBuildPhase;
			buildActionMask = 2147483647;
			files = (
				DB76A5FD24FDC01900BB9503 /* ViewController.swift in Sources */,
				DB76A5F924FDC01900BB9503 /* AppDelegate.swift in Sources */,
				DB76A5FB24FDC01900BB9503 /* SceneDelegate.swift in Sources */,
			);
			runOnlyForDeploymentPostprocessing = 0;
		};
/* End PBXSourcesBuildPhase section */

/* Begin PBXVariantGroup section */
		DB76A5FE24FDC01900BB9503 /* Main.storyboard */ = {
			isa = PBXVariantGroup;
			children = (
				DB76A5FF24FDC01900BB9503 /* Base */,
			);
			name = Main.storyboard;
			sourceTree = "<group>";
		};
		DB76A60324FDC01B00BB9503 /* LaunchScreen.storyboard */ = {
			isa = PBXVariantGroup;
			children = (
				DB76A60424FDC01B00BB9503 /* Base */,
			);
			name = LaunchScreen.storyboard;
			sourceTree = "<group>";
		};
/* End PBXVariantGroup section */

/* Begin XCBuildConfiguration section */
		DB76A60724FDC01B00BB9503 /* Debug */ = {
			isa = XCBuildConfiguration;
			buildSettings = {
				ALWAYS_SEARCH_USER_PATHS = NO;
				CLANG_ANALYZER_NONNULL = YES;
				CLANG_ANALYZER_NUMBER_OBJECT_CONVERSION = YES_AGGRESSIVE;
				CLANG_CXX_LANGUAGE_STANDARD = "gnu++14";
				CLANG_CXX_LIBRARY = "libc++";
				CLANG_ENABLE_MODULES = YES;
				CLANG_ENABLE_OBJC_ARC = YES;
				CLANG_ENABLE_OBJC_WEAK = YES;
				CLANG_WARN_BLOCK_CAPTURE_AUTORELEASING = YES;
				CLANG_WARN_BOOL_CONVERSION = YES;
				CLANG_WARN_COMMA = YES;
				CLANG_WARN_CONSTANT_CONVERSION = YES;
				CLANG_WARN_DEPRECATED_OBJC_IMPLEMENTATIONS = YES;
				CLANG_WARN_DIRECT_OBJC_ISA_USAGE = YES_ERROR;
				CLANG_WARN_DOCUMENTATION_COMMENTS = YES;
				CLANG_WARN_EMPTY_BODY = YES;
				CLANG_WARN_ENUM_CONVERSION = YES;
				CLANG_WARN_INFINITE_RECURSION = YES;
				CLANG_WARN_INT_CONVERSION = YES;
				CLANG_WARN_NON_LITERAL_NULL_CONVERSION = YES;
				CLANG_WARN_OBJC_IMPLICIT_RETAIN_SELF = YES;
				CLANG_WARN_OBJC_LITERAL_CONVERSION = YES;
				CLANG_WARN_OBJC_ROOT_CLASS = YES_ERROR;
				CLANG_WARN_RANGE_LOOP_ANALYSIS = YES;
				CLANG_WARN_STRICT_PROTOTYPES = YES;
				CLANG_WARN_SUSPICIOUS_MOVE = YES;
				CLANG_WARN_UNGUARDED_AVAILABILITY = YES_AGGRESSIVE;
				CLANG_WARN_UNREACHABLE_CODE = YES;
				CLANG_WARN__DUPLICATE_METHOD_MATCH = YES;
				COPY_PHASE_STRIP = NO;
				DEBUG_INFORMATION_FORMAT = dwarf;
				ENABLE_STRICT_OBJC_MSGSEND = YES;
				ENABLE_TESTABILITY = YES;
				GCC_C_LANGUAGE_STANDARD = gnu11;
				GCC_DYNAMIC_NO_PIC = NO;
				GCC_NO_COMMON_BLOCKS = YES;
				GCC_OPTIMIZATION_LEVEL = 0;
				GCC_PREPROCESSOR_DEFINITIONS = (
					"DEBUG=1",
					"$(inherited)",
				);
				GCC_WARN_64_TO_32_BIT_CONVERSION = YES;
				GCC_WARN_ABOUT_RETURN_TYPE = YES_ERROR;
				GCC_WARN_UNDECLARED_SELECTOR = YES;
				GCC_WARN_UNINITIALIZED_AUTOS = YES_AGGRESSIVE;
				GCC_WARN_UNUSED_FUNCTION = YES;
				GCC_WARN_UNUSED_VARIABLE = YES;
				IPHONEOS_DEPLOYMENT_TARGET = 13.6;
				MTL_ENABLE_DEBUG_INFO = INCLUDE_SOURCE;
				MTL_FAST_MATH = YES;
				ONLY_ACTIVE_ARCH = YES;
				SDKROOT = iphoneos;
				SWIFT_ACTIVE_COMPILATION_CONDITIONS = DEBUG;
				SWIFT_OPTIMIZATION_LEVEL = "-Onone";
			};
			name = Debug;
		};
		DB76A60824FDC01B00BB9503 /* Release */ = {
			isa = XCBuildConfiguration;
			buildSettings = {
				ALWAYS_SEARCH_USER_PATHS = NO;
				CLANG_ANALYZER_NONNULL = YES;
				CLANG_ANALYZER_NUMBER_OBJECT_CONVERSION = YES_AGGRESSIVE;
				CLANG_CXX_LANGUAGE_STANDARD = "gnu++14";
				CLANG_CXX_LIBRARY = "libc++";
				CLANG_ENABLE_MODULES = YES;
				CLANG_ENABLE_OBJC_ARC = YES;
				CLANG_ENABLE_OBJC_WEAK = YES;
				CLANG_WARN_BLOCK_CAPTURE_AUTORELEASING = YES;
				CLANG_WARN_BOOL_CONVERSION = YES;
				CLANG_WARN_COMMA = YES;
				CLANG_WARN_CONSTANT_CONVERSION = YES;
				CLANG_WARN_DEPRECATED_OBJC_IMPLEMENTATIONS = YES;
				CLANG_WARN_DIRECT_OBJC_ISA_USAGE = YES_ERROR;
				CLANG_WARN_DOCUMENTATION_COMMENTS = YES;
				CLANG_WARN_EMPTY_BODY = YES;
				CLANG_WARN_ENUM_CONVERSION = YES;
				CLANG_WARN_INFINITE_RECURSION = YES;
				CLANG_WARN_INT_CONVERSION = YES;
				CLANG_WARN_NON_LITERAL_NULL_CONVERSION = YES;
				CLANG_WARN_OBJC_IMPLICIT_RETAIN_SELF = YES;
				CLANG_WARN_OBJC_LITERAL_CONVERSION = YES;
				CLANG_WARN_OBJC_ROOT_CLASS = YES_ERROR;
				CLANG_WARN_RANGE_LOOP_ANALYSIS = YES;
				CLANG_WARN_STRICT_PROTOTYPES = YES;
				CLANG_WARN_SUSPICIOUS_MOVE = YES;
				CLANG_WARN_UNGUARDED_AVAILABILITY = YES_AGGRESSIVE;
				CLANG_WARN_UNREACHABLE_CODE = YES;
				CLANG_WARN__DUPLICATE_METHOD_MATCH = YES;
				COPY_PHASE_STRIP = NO;
				DEBUG_INFORMATION_FORMAT = "dwarf-with-dsym";
				ENABLE_NS_ASSERTIONS = NO;
				ENABLE_STRICT_OBJC_MSGSEND = YES;
				GCC_C_LANGUAGE_STANDARD = gnu11;
				GCC_NO_COMMON_BLOCKS = YES;
				GCC_WARN_64_TO_32_BIT_CONVERSION = YES;
				GCC_WARN_ABOUT_RETURN_TYPE = YES_ERROR;
				GCC_WARN_UNDECLARED_SELECTOR = YES;
				GCC_WARN_UNINITIALIZED_AUTOS = YES_AGGRESSIVE;
				GCC_WARN_UNUSED_FUNCTION = YES;
				GCC_WARN_UNUSED_VARIABLE = YES;
				IPHONEOS_DEPLOYMENT_TARGET = 13.6;
				MTL_ENABLE_DEBUG_INFO = NO;
				MTL_FAST_MATH = YES;
				SDKROOT = iphoneos;
				SWIFT_COMPILATION_MODE = wholemodule;
				SWIFT_OPTIMIZATION_LEVEL = "-O";
				VALIDATE_PRODUCT = YES;
			};
			name = Release;
		};
		DB76A60A24FDC01B00BB9503 /* Debug */ = {
			isa = XCBuildConfiguration;
			buildSettings = {
				ASSETCATALOG_COMPILER_APPICON_NAME = AppIcon;
				CODE_SIGN_STYLE = Automatic;
				INFOPLIST_FILE = randomPasswordGenerator/Info.plist;
				LD_RUNPATH_SEARCH_PATHS = (
					"$(inherited)",
					"@executable_path/Frameworks",
				);
				PRODUCT_BUNDLE_IDENTIFIER = io.trainingtrack.randomPasswordGenerator;
				PRODUCT_NAME = "$(TARGET_NAME)";
				SWIFT_VERSION = 5.0;
				TARGETED_DEVICE_FAMILY = "1,2";
			};
			name = Debug;
		};
		DB76A60B24FDC01B00BB9503 /* Release */ = {
			isa = XCBuildConfiguration;
			buildSettings = {
				ASSETCATALOG_COMPILER_APPICON_NAME = AppIcon;
				CODE_SIGN_STYLE = Automatic;
				INFOPLIST_FILE = randomPasswordGenerator/Info.plist;
				LD_RUNPATH_SEARCH_PATHS = (
					"$(inherited)",
					"@executable_path/Frameworks",
				);
				PRODUCT_BUNDLE_IDENTIFIER = io.trainingtrack.randomPasswordGenerator;
				PRODUCT_NAME = "$(TARGET_NAME)";
				SWIFT_VERSION = 5.0;
				TARGETED_DEVICE_FAMILY = "1,2";
			};
			name = Release;
		};
/* End XCBuildConfiguration section */

/* Begin XCConfigurationList section */
		DB76A5F024FDC01900BB9503 /* Build configuration list for PBXProject "randomPasswordGenerator" */ = {
			isa = XCConfigurationList;
			buildConfigurations = (
				DB76A60724FDC01B00BB9503 /* Debug */,
				DB76A60824FDC01B00BB9503 /* Release */,
			);
			defaultConfigurationIsVisible = 0;
			defaultConfigurationName = Release;
		};
		DB76A60924FDC01B00BB9503 /* Build configuration list for PBXNativeTarget "randomPasswordGenerator" */ = {
			isa = XCConfigurationList;
			buildConfigurations = (
				DB76A60A24FDC01B00BB9503 /* Debug */,
				DB76A60B24FDC01B00BB9503 /* Release */,
			);
			defaultConfigurationIsVisible = 0;
			defaultConfigurationName = Release;
		};
/* End XCConfigurationList section */
	};
	rootObject = DB76A5ED24FDC01900BB9503 /* Project object */;
}
